
Microsoft Visual Studio Solution File, Format Version 12.00
# Visual Studio Version 17
VisualStudioVersion = 17.4.33122.133
MinimumVisualStudioVersion = 10.0.40219.1
Project("{FAE04EC0-301F-11D3-BF4B-00C04F79EFBC}") = "Zeno", "Zeno.csproj", "{FB056D32-F489-435C-910E-BC402A6D7A8E}"
EndProject
Global
	GlobalSection(SolutionConfigurationPlatforms) = preSolution
		Debug|Any CPU = Debug|Any CPU
		Release|Any CPU = Release|Any CPU
	EndGlobalSection
	GlobalSection(ProjectConfigurationPlatforms) = postSolution
		{FB056D32-F489-435C-910E-BC402A6D7A8E}.Debug|Any CPU.ActiveCfg = Debug|Any CPU
		{FB056D32-F489-435C-910E-BC402A6D7A8E}.Debug|Any CPU.Build.0 = Debug|Any CPU
		{FB056D32-F489-435C-910E-BC402A6D7A8E}.Release|Any CPU.ActiveCfg = Release|Any CPU
		{FB056D32-F489-435C-910E-BC402A6D7A8E}.Release|Any CPU.Build.0 = Release|Any CPU
	EndGlobalSection
	GlobalSection(SolutionProperties) = preSolution
		HideSolutionNode = FALSE
	EndGlobalSection
	GlobalSection(ExtensibilityGlobals) = postSolution
		SolutionGuid = {1D93A2D1-8696-418A-A48C-30DB696EE2FF}
	EndGlobalSection
EndGlobal
